
Microsoft Visual Studio Solution File, Format Version 12.00
# Visual Studio 15
VisualStudioVersion = 15.0.28307.168
MinimumVisualStudioVersion = 10.0.40219.1
Project("{8BC9CEB8-8B4A-11D0-8D11-00A0C91BC942}") = "Simulation Setup", "Simulation Setup\Simulation Setup.vcxproj", "{A7E53AA5-2D14-45BC-95E8-5C0E763DC936}"
EndProject
Global
	GlobalSection(SolutionConfigurationPlatforms) = preSolution
		Debug|x64 = Debug|x64
		Debug|x86 = Debug|x86
		Release|x64 = Release|x64
		Release|x86 = Release|x86
	EndGlobalSection
	GlobalSection(ProjectConfigurationPlatforms) = postSolution
		{A7E53AA5-2D14-45BC-95E8-5C0E763DC936}.Debug|x64.ActiveCfg = Debug|x64
		{A7E53AA5-2D14-45BC-95E8-5C0E763DC936}.Debug|x64.Build.0 = Debug|x64
		{A7E53AA5-2D14-45BC-95E8-5C0E763DC936}.Debug|x86.ActiveCfg = Debug|Win32
		{A7E53AA5-2D14-45BC-95E8-5C0E763DC936}.Debug|x86.Build.0 = Debug|Win32
		{A7E53AA5-2D14-45BC-95E8-5C0E763DC936}.Release|x64.ActiveCfg = Release|x64
		{A7E53AA5-2D14-45BC-95E8-5C0E763DC936}.Release|x64.Build.0 = Release|x64
		{A7E53AA5-2D14-45BC-95E8-5C0E763DC936}.Release|x86.ActiveCfg = Release|Win32
		{A7E53AA5-2D14-45BC-95E8-5C0E763DC936}.Release|x86.Build.0 = Release|Win32
	EndGlobalSection
	GlobalSection(SolutionProperties) = preSolution
		HideSolutionNode = FALSE
	EndGlobalSection
	GlobalSection(ExtensibilityGlobals) = postSolution
		SolutionGuid = {27EF7556-F47C-475F-A618-21413525BD88}
	EndGlobalSection
EndGlobal
